{
  "originHash" : "df530d28c94de7082cc116e963a5f14ca1908b033a2215d8458772ab54556e80",
  "pins" : [
    {
      "identity" : "capacitor-swift-pm",
      "kind" : "remoteSourceControl",
      "location" : "https://github.com/ionic-team/capacitor-swift-pm.git",
      "state" : {
        "revision" : "145cf37b8e3b240efef3d2d8a7262e621f08bb6f",
        "version" : "7.4.4"
      }
    }
  ],
  "version" : 3
}
